#include <iostream>
#include <string>
using namespace std;

class bank_account
{
private :
	string name;
	double balance;

public: 
	bank_account(string account_name, double initial_balance)
		: name(account_name), balance(initial_balance){}

	void withdrawl(double amount) {
		if (amount <= balance) {
			balance = balance - amount;
		}
		else{
			cout << "insufficient funds";
		} cout << endl;
	}

	void deposit(double amount) {
		if (amount > 0) {
			balance = balance + amount;
		}
		else {
			cout << "Insufficient Deposit Amount";
		}
		cout << endl;
	}

	void display() {
		cout << "Account Name: " << name << "\n Balance: $" << balance << endl;
	}
};

int main() {
	string name;
	double initial_deposit = 0;
	int amount;
	int choice;

	
	

	cout << "Please enter your account name" << endl;
	cin >> name;
	cout << "Initial deposit : ";
	cin >> initial_deposit;
    bank_account account(name , initial_deposit);

	cout << "---------------------------------------------" << endl;
	cout << "Welcome " << name << " What can we do for you ? " << endl;
	cout << "1) Deposit" << endl;
	cout << "2) Withdrawal" << endl;
	cout << "3) View Account" << endl;
	cout << "4) quit" << endl;
	
	
	
	do {
		cin >> choice;
		
	
	switch (choice) {
		case 1:
			cout << "How much will you be depositing: $";
			cin >> amount;
			account.deposit(amount);
			break;

		case 2:
			cout << "How much will you be withdrawaling: $";
			cin >> amount;
			account.withdrawl(amount);
			break;

		case 3:
			account.display();
			break;
		defalt:break;
		}
	cout << "what else can i help with ? ";
	cout << "1) Deposit" << endl;
	cout << "2) Withdrawal" << endl;
	cout << "3) View Account" << endl;
	cout << "4) quit" << endl;
	

	} while (choice != 4);

	cout << "Thank you for using my banking system " << name << " :)" << endl;

	return 0;


}
